# This file is automatically @generated by Cargo.
# It is not intended for manual editing.
version = 4

[[package]]
name = "blockoria-application"
version = "0.1.0"
dependencies = [
 "blockoria-domain",
]

[[package]]
name = "blockoria-domain"
version = "0.1.0"

[[package]]
name = "blockoria-infrastructure"
version = "0.1.0"
dependencies = [
 "blockoria-application",
 "blockoria-domain",
]
